// !$*UTF8*$!
{
	archiveVersion = 1;
	classes = {
	};
	objectVersion = 50;
	objects = {

/* Begin PBXBuildFile section */
		6317659C2279FC9A00F98D41 /* AppDelegate.swift in Sources */ = {isa = PBXBuildFile; fileRef = 6317659B2279FC9A00F98D41 /* AppDelegate.swift */; };
		6317659E2279FC9A00F98D41 /* ViewController.swift in Sources */ = {isa = PBXBuildFile; fileRef = 6317659D2279FC9A00F98D41 /* ViewController.swift */; };
		631765A12279FC9A00F98D41 /* Main.storyboard in Resources */ = {isa = PBXBuildFile; fileRef = 6317659F2279FC9A00F98D41 /* Main.storyboard */; };
		631765A32279FC9C00F98D41 /* Assets.xcassets in Resources */ = {isa = PBXBuildFile; fileRef = 631765A22279FC9C00F98D41 /* Assets.xcassets */; };
		631765A62279FC9C00F98D41 /* LaunchScreen.storyboard in Resources */ = {isa = PBXBuildFile; fileRef = 631765A42279FC9C00F98D41 /* LaunchScreen.storyboard */; };
		631765AE227A04B300F98D41 /* URL+Extension.swift in Sources */ = {isa = PBXBuildFile; fileRef = 631765AD227A04B300F98D41 /* URL+Extension.swift */; };
		631765B0227B249700F98D41 /* PhotoInfo.swift in Sources */ = {isa = PBXBuildFile; fileRef = 631765AF227B249700F98D41 /* PhotoInfo.swift */; };
		631765B2227B359C00F98D41 /* PhotoInfoController.swift in Sources */ = {isa = PBXBuildFile; fileRef = 631765B1227B359C00F98D41 /* PhotoInfoController.swift */; };
/* End PBXBuildFile section */

/* Begin PBXFileReference section */
		631765982279FC9A00F98D41 /* Nasa Picture of the day.app */ = {isa = PBXFileReference; explicitFileType = wrapper.application; includeInIndex = 0; path = "Nasa Picture of the day.app"; sourceTree = BUILT_PRODUCTS_DIR; };
		6317659B2279FC9A00F98D41 /* AppDelegate.swift */ = {isa = PBXFileReference; lastKnownFileType = sourcecode.swift; path = AppDelegate.swift; sourceTree = "<group>"; };
		6317659D2279FC9A00F98D41 /* ViewController.swift */ = {isa = PBXFileReference; lastKnownFileType = sourcecode.swift; path = ViewController.swift; sourceTree = "<group>"; };
		631765A02279FC9A00F98D41 /* Base */ = {isa = PBXFileReference; lastKnownFileType = file.storyboard; name = Base; path = Base.lproj/Main.storyboard; sourceTree = "<group>"; };
		631765A22279FC9C00F98D41 /* Assets.xcassets */ = {isa = PBXFileReference; lastKnownFileType = folder.assetcatalog; path = Assets.xcassets; sourceTree = "<group>"; };
		631765A52279FC9C00F98D41 /* Base */ = {isa = PBXFileReference; lastKnownFileType = file.storyboard; name = Base; path = Base.lproj/LaunchScreen.storyboard; sourceTree = "<group>"; };
		631765A72279FC9C00F98D41 /* Info.plist */ = {isa = PBXFileReference; lastKnownFileType = text.plist.xml; path = Info.plist; sourceTree = "<group>"; };
		631765AD227A04B300F98D41 /* URL+Extension.swift */ = {isa = PBXFileReference; lastKnownFileType = sourcecode.swift; path = "URL+Extension.swift"; sourceTree = "<group>"; };
		631765AF227B249700F98D41 /* PhotoInfo.swift */ = {isa = PBXFileReference; lastKnownFileType = sourcecode.swift; path = PhotoInfo.swift; sourceTree = "<group>"; };
		631765B1227B359C00F98D41 /* PhotoInfoController.swift */ = {isa = PBXFileReference; lastKnownFileType = sourcecode.swift; path = PhotoInfoController.swift; sourceTree = "<group>"; };
/* End PBXFileReference section */

/* Begin PBXFrameworksBuildPhase section */
		631765952279FC9A00F98D41 /* Frameworks */ = {
			isa = PBXFrameworksBuildPhase;
			buildActionMask = 2147483647;
			files = (
			);
			runOnlyForDeploymentPostprocessing = 0;
		};
/* End PBXFrameworksBuildPhase section */

/* Begin PBXGroup section */
		6317658F2279FC9A00F98D41 = {
			isa = PBXGroup;
			children = (
				6317659A2279FC9A00F98D41 /* Nasa Picture of the day */,
				631765992279FC9A00F98D41 /* Products */,
			);
			sourceTree = "<group>";
		};
		631765992279FC9A00F98D41 /* Products */ = {
			isa = PBXGroup;
			children = (
				631765982279FC9A00F98D41 /* Nasa Picture of the day.app */,
			);
			name = Products;
			sourceTree = "<group>";
		};
		6317659A2279FC9A00F98D41 /* Nasa Picture of the day */ = {
			isa = PBXGroup;
			children = (
				6317659B2279FC9A00F98D41 /* AppDelegate.swift */,
				631765B3227B35B900F98D41 /* Controllers */,
				631765B4227B35D300F98D41 /* Model */,
				631765B5227B35F000F98D41 /* View */,
				631765B6227B360700F98D41 /* Extension */,
				631765A22279FC9C00F98D41 /* Assets.xcassets */,
				631765A42279FC9C00F98D41 /* LaunchScreen.storyboard */,
				631765A72279FC9C00F98D41 /* Info.plist */,
			);
			path = "Nasa Picture of the day";
			sourceTree = "<group>";
		};
		631765B3227B35B900F98D41 /* Controllers */ = {
			isa = PBXGroup;
			children = (
				6317659D2279FC9A00F98D41 /* ViewController.swift */,
				631765B1227B359C00F98D41 /* PhotoInfoController.swift */,
			);
			path = Controllers;
			sourceTree = "<group>";
		};
		631765B4227B35D300F98D41 /* Model */ = {
			isa = PBXGroup;
			children = (
				631765AF227B249700F98D41 /* PhotoInfo.swift */,
			);
			path = Model;
			sourceTree = "<group>";
		};
		631765B5227B35F000F98D41 /* View */ = {
			isa = PBXGroup;
			children = (
				6317659F2279FC9A00F98D41 /* Main.storyboard */,
			);
			path = View;
			sourceTree = "<group>";
		};
		631765B6227B360700F98D41 /* Extension */ = {
			isa = PBXGroup;
			children = (
				631765AD227A04B300F98D41 /* URL+Extension.swift */,
			);
			path = Extension;
			sourceTree = "<group>";
		};
/* End PBXGroup section */

/* Begin PBXNativeTarget section */
		631765972279FC9A00F98D41 /* Nasa Picture of the day */ = {
			isa = PBXNativeTarget;
			buildConfigurationList = 631765AA2279FC9C00F98D41 /* Build configuration list for PBXNativeTarget "Nasa Picture of the day" */;
			buildPhases = (
				631765942279FC9A00F98D41 /* Sources */,
				631765952279FC9A00F98D41 /* Frameworks */,
				631765962279FC9A00F98D41 /* Resources */,
			);
			buildRules = (
			);
			dependencies = (
			);
			name = "Nasa Picture of the day";
			productName = "Nasa Picture of the day";
			productReference = 631765982279FC9A00F98D41 /* Nasa Picture of the day.app */;
			productType = "com.apple.product-type.application";
		};
/* End PBXNativeTarget section */

/* Begin PBXProject section */
		631765902279FC9A00F98D41 /* Project object */ = {
			isa = PBXProject;
			attributes = {
				LastSwiftUpdateCheck = 1020;
				LastUpgradeCheck = 1020;
				ORGANIZATIONNAME = "Давид";
				TargetAttributes = {
					631765972279FC9A00F98D41 = {
						CreatedOnToolsVersion = 10.2.1;
					};
				};
			};
			buildConfigurationList = 631765932279FC9A00F98D41 /* Build configuration list for PBXProject "Nasa Picture of the day" */;
			compatibilityVersion = "Xcode 9.3";
			developmentRegion = en;
			hasScannedForEncodings = 0;
			knownRegions = (
				en,
				Base,
			);
			mainGroup = 6317658F2279FC9A00F98D41;
			productRefGroup = 631765992279FC9A00F98D41 /* Products */;
			projectDirPath = "";
			projectRoot = "";
			targets = (
				631765972279FC9A00F98D41 /* Nasa Picture of the day */,
			);
		};
/* End PBXProject section */

/* Begin PBXResourcesBuildPhase section */
		631765962279FC9A00F98D41 /* Resources */ = {
			isa = PBXResourcesBuildPhase;
			buildActionMask = 2147483647;
			files = (
				631765A62279FC9C00F98D41 /* LaunchScreen.storyboard in Resources */,
				631765A32279FC9C00F98D41 /* Assets.xcassets in Resources */,
				631765A12279FC9A00F98D41 /* Main.storyboard in Resources */,
			);
			runOnlyForDeploymentPostprocessing = 0;
		};
/* End PBXResourcesBuildPhase section */

/* Begin PBXSourcesBuildPhase section */
		631765942279FC9A00F98D41 /* Sources */ = {
			isa = PBXSourcesBuildPhase;
			buildActionMask = 2147483647;
			files = (
				631765B0227B249700F98D41 /* PhotoInfo.swift in Sources */,
				631765B2227B359C00F98D41 /* PhotoInfoController.swift in Sources */,
				6317659E2279FC9A00F98D41 /* ViewController.swift in Sources */,
				6317659C2279FC9A00F98D41 /* AppDelegate.swift in Sources */,
				631765AE227A04B300F98D41 /* URL+Extension.swift in Sources */,
			);
			runOnlyForDeploymentPostprocessing = 0;
		};
/* End PBXSourcesBuildPhase section */

/* Begin PBXVariantGroup section */
		6317659F2279FC9A00F98D41 /* Main.storyboard */ = {
			isa = PBXVariantGroup;
			children = (
				631765A02279FC9A00F98D41 /* Base */,
			);
			name = Main.storyboard;
			sourceTree = "<group>";
		};
		631765A42279FC9C00F98D41 /* LaunchScreen.storyboard */ = {
			isa = PBXVariantGroup;
			children = (
				631765A52279FC9C00F98D41 /* Base */,
			);
			name = LaunchScreen.storyboard;
			sourceTree = "<group>";
		};
/* End PBXVariantGroup section */

/* Begin XCBuildConfiguration section */
		631765A82279FC9C00F98D41 /* Debug */ = {
			isa = XCBuildConfiguration;
			buildSettings = {
				ALWAYS_SEARCH_USER_PATHS = NO;
				CLANG_ANALYZER_NONNULL = YES;
				CLANG_ANALYZER_NUMBER_OBJECT_CONVERSION = YES_AGGRESSIVE;
				CLANG_CXX_LANGUAGE_STANDARD = "gnu++14";
				CLANG_CXX_LIBRARY = "libc++";
				CLANG_ENABLE_MODULES = YES;
				CLANG_ENABLE_OBJC_ARC = YES;
				CLANG_ENABLE_OBJC_WEAK = YES;
				CLANG_WARN_BLOCK_CAPTURE_AUTORELEASING = YES;
				CLANG_WARN_BOOL_CONVERSION = YES;
				CLANG_WARN_COMMA = YES;
				CLANG_WARN_CONSTANT_CONVERSION = YES;
				CLANG_WARN_DEPRECATED_OBJC_IMPLEMENTATIONS = YES;
				CLANG_WARN_DIRECT_OBJC_ISA_USAGE = YES_ERROR;
				CLANG_WARN_DOCUMENTATION_COMMENTS = YES;
				CLANG_WARN_EMPTY_BODY = YES;
				CLANG_WARN_ENUM_CONVERSION = YES;
				CLANG_WARN_INFINITE_RECURSION = YES;
				CLANG_WARN_INT_CONVERSION = YES;
				CLANG_WARN_NON_LITERAL_NULL_CONVERSION = YES;
				CLANG_WARN_OBJC_IMPLICIT_RETAIN_SELF = YES;
				CLANG_WARN_OBJC_LITERAL_CONVERSION = YES;
				CLANG_WARN_OBJC_ROOT_CLASS = YES_ERROR;
				CLANG_WARN_RANGE_LOOP_ANALYSIS = YES;
				CLANG_WARN_STRICT_PROTOTYPES = YES;
				CLANG_WARN_SUSPICIOUS_MOVE = YES;
				CLANG_WARN_UNGUARDED_AVAILABILITY = YES_AGGRESSIVE;
				CLANG_WARN_UNREACHABLE_CODE = YES;
				CLANG_WARN__DUPLICATE_METHOD_MATCH = YES;
				CODE_SIGN_IDENTITY = "iPhone Developer";
				COPY_PHASE_STRIP = NO;
				DEBUG_INFORMATION_FORMAT = dwarf;
				ENABLE_STRICT_OBJC_MSGSEND = YES;
				ENABLE_TESTABILITY = YES;
				GCC_C_LANGUAGE_STANDARD = gnu11;
				GCC_DYNAMIC_NO_PIC = NO;
				GCC_NO_COMMON_BLOCKS = YES;
				GCC_OPTIMIZATION_LEVEL = 0;
				GCC_PREPROCESSOR_DEFINITIONS = (
					"DEBUG=1",
					"$(inherited)",
				);
				GCC_WARN_64_TO_32_BIT_CONVERSION = YES;
				GCC_WARN_ABOUT_RETURN_TYPE = YES_ERROR;
				GCC_WARN_UNDECLARED_SELECTOR = YES;
				GCC_WARN_UNINITIALIZED_AUTOS = YES_AGGRESSIVE;
				GCC_WARN_UNUSED_FUNCTION = YES;
				GCC_WARN_UNUSED_VARIABLE = YES;
				IPHONEOS_DEPLOYMENT_TARGET = 12.2;
				MTL_ENABLE_DEBUG_INFO = INCLUDE_SOURCE;
				MTL_FAST_MATH = YES;
				ONLY_ACTIVE_ARCH = YES;
				SDKROOT = iphoneos;
				SWIFT_ACTIVE_COMPILATION_CONDITIONS = DEBUG;
				SWIFT_OPTIMIZATION_LEVEL = "-Onone";
			};
			name = Debug;
		};
		631765A92279FC9C00F98D41 /* Release */ = {
			isa = XCBuildConfiguration;
			buildSettings = {
				ALWAYS_SEARCH_USER_PATHS = NO;
				CLANG_ANALYZER_NONNULL = YES;
				CLANG_ANALYZER_NUMBER_OBJECT_CONVERSION = YES_AGGRESSIVE;
				CLANG_CXX_LANGUAGE_STANDARD = "gnu++14";
				CLANG_CXX_LIBRARY = "libc++";
				CLANG_ENABLE_MODULES = YES;
				CLANG_ENABLE_OBJC_ARC = YES;
				CLANG_ENABLE_OBJC_WEAK = YES;
				CLANG_WARN_BLOCK_CAPTURE_AUTORELEASING = YES;
				CLANG_WARN_BOOL_CONVERSION = YES;
				CLANG_WARN_COMMA = YES;
				CLANG_WARN_CONSTANT_CONVERSION = YES;
				CLANG_WARN_DEPRECATED_OBJC_IMPLEMENTATIONS = YES;
				CLANG_WARN_DIRECT_OBJC_ISA_USAGE = YES_ERROR;
				CLANG_WARN_DOCUMENTATION_COMMENTS = YES;
				CLANG_WARN_EMPTY_BODY = YES;
				CLANG_WARN_ENUM_CONVERSION = YES;
				CLANG_WARN_INFINITE_RECURSION = YES;
				CLANG_WARN_INT_CONVERSION = YES;
				CLANG_WARN_NON_LITERAL_NULL_CONVERSION = YES;
				CLANG_WARN_OBJC_IMPLICIT_RETAIN_SELF = YES;
				CLANG_WARN_OBJC_LITERAL_CONVERSION = YES;
				CLANG_WARN_OBJC_ROOT_CLASS = YES_ERROR;
				CLANG_WARN_RANGE_LOOP_ANALYSIS = YES;
				CLANG_WARN_STRICT_PROTOTYPES = YES;
				CLANG_WARN_SUSPICIOUS_MOVE = YES;
				CLANG_WARN_UNGUARDED_AVAILABILITY = YES_AGGRESSIVE;
				CLANG_WARN_UNREACHABLE_CODE = YES;
				CLANG_WARN__DUPLICATE_METHOD_MATCH = YES;
				CODE_SIGN_IDENTITY = "iPhone Developer";
				COPY_PHASE_STRIP = NO;
				DEBUG_INFORMATION_FORMAT = "dwarf-with-dsym";
				ENABLE_NS_ASSERTIONS = NO;
				ENABLE_STRICT_OBJC_MSGSEND = YES;
				GCC_C_LANGUAGE_STANDARD = gnu11;
				GCC_NO_COMMON_BLOCKS = YES;
				GCC_WARN_64_TO_32_BIT_CONVERSION = YES;
				GCC_WARN_ABOUT_RETURN_TYPE = YES_ERROR;
				GCC_WARN_UNDECLARED_SELECTOR = YES;
				GCC_WARN_UNINITIALIZED_AUTOS = YES_AGGRESSIVE;
				GCC_WARN_UNUSED_FUNCTION = YES;
				GCC_WARN_UNUSED_VARIABLE = YES;
				IPHONEOS_DEPLOYMENT_TARGET = 12.2;
				MTL_ENABLE_DEBUG_INFO = NO;
				MTL_FAST_MATH = YES;
				SDKROOT = iphoneos;
				SWIFT_COMPILATION_MODE = wholemodule;
				SWIFT_OPTIMIZATION_LEVEL = "-O";
				VALIDATE_PRODUCT = YES;
			};
			name = Release;
		};
		631765AB2279FC9C00F98D41 /* Debug */ = {
			isa = XCBuildConfiguration;
			buildSettings = {
				ASSETCATALOG_COMPILER_APPICON_NAME = AppIcon;
				CODE_SIGN_STYLE = Automatic;
				DEVELOPMENT_TEAM = HK3JCX6MNH;
				INFOPLIST_FILE = "Nasa Picture of the day/Info.plist";
				LD_RUNPATH_SEARCH_PATHS = (
					"$(inherited)",
					"@executable_path/Frameworks",
				);
				PRODUCT_BUNDLE_IDENTIFIER = "david.Nasa-Picture-of-the-day";
				PRODUCT_NAME = "$(TARGET_NAME)";
				SWIFT_VERSION = 5.0;
				TARGETED_DEVICE_FAMILY = "1,2";
			};
			name = Debug;
		};
		631765AC2279FC9C00F98D41 /* Release */ = {
			isa = XCBuildConfiguration;
			buildSettings = {
				ASSETCATALOG_COMPILER_APPICON_NAME = AppIcon;
				CODE_SIGN_STYLE = Automatic;
				DEVELOPMENT_TEAM = HK3JCX6MNH;
				INFOPLIST_FILE = "Nasa Picture of the day/Info.plist";
				LD_RUNPATH_SEARCH_PATHS = (
					"$(inherited)",
					"@executable_path/Frameworks",
				);
				PRODUCT_BUNDLE_IDENTIFIER = "david.Nasa-Picture-of-the-day";
				PRODUCT_NAME = "$(TARGET_NAME)";
				SWIFT_VERSION = 5.0;
				TARGETED_DEVICE_FAMILY = "1,2";
			};
			name = Release;
		};
/* End XCBuildConfiguration section */

/* Begin XCConfigurationList section */
		631765932279FC9A00F98D41 /* Build configuration list for PBXProject "Nasa Picture of the day" */ = {
			isa = XCConfigurationList;
			buildConfigurations = (
				631765A82279FC9C00F98D41 /* Debug */,
				631765A92279FC9C00F98D41 /* Release */,
			);
			defaultConfigurationIsVisible = 0;
			defaultConfigurationName = Release;
		};
		631765AA2279FC9C00F98D41 /* Build configuration list for PBXNativeTarget "Nasa Picture of the day" */ = {
			isa = XCConfigurationList;
			buildConfigurations = (
				631765AB2279FC9C00F98D41 /* Debug */,
				631765AC2279FC9C00F98D41 /* Release */,
			);
			defaultConfigurationIsVisible = 0;
			defaultConfigurationName = Release;
		};
/* End XCConfigurationList section */
	};
	rootObject = 631765902279FC9A00F98D41 /* Project object */;
}
